
Microsoft Visual Studio Solution File, Format Version 12.00
# Visual Studio Version 16
VisualStudioVersion = 16.0.31229.75
MinimumVisualStudioVersion = 10.0.40219.1
Project("{FAE04EC0-301F-11D3-BF4B-00C04F79EFBC}") = "WPF_ITVDN_1", "WPF_ITVDN_1\WPF_ITVDN_1.csproj", "{5FBCBD77-F0E5-43D3-811C-BFF402DA4E87}"
EndProject
Project("{FAE04EC0-301F-11D3-BF4B-00C04F79EFBC}") = "WFA_TASK_2", "WFA_TASK_2\WFA_TASK_2.csproj", "{0C21423F-C6F9-469D-8571-9A374B487925}"
EndProject
Project("{9A19103F-16F7-4668-BE54-9A1E7A4F7556}") = "Lesson2_HomeWorkTask2", "Lesson2_HomeWorkTask2\Lesson2_HomeWorkTask2.csproj", "{6F6120C5-B277-4175-B921-19BBAB8A8274}"
EndProject
Project("{9A19103F-16F7-4668-BE54-9A1E7A4F7556}") = "Lesson2HomeWork2_Task3", "Lesson2HomeWork2_Task3\Lesson2HomeWork2_Task3.csproj", "{3BADD8AF-27EA-4AD1-93BB-28ED526DB7AF}"
EndProject
Project("{9A19103F-16F7-4668-BE54-9A1E7A4F7556}") = "Lesson3HomeWork3_Task1", "Lesson3HomeWork3_Task1\Lesson3HomeWork3_Task1.csproj", "{9DFBF88D-14BA-4901-858A-007ED59F32D3}"
EndProject
Project("{9A19103F-16F7-4668-BE54-9A1E7A4F7556}") = "Lesson3HomeWork_Task1.1", "Lesson3HomeWork_Task1.1\Lesson3HomeWork_Task1.1.csproj", "{F954EE03-F530-47A7-AD19-8C9A88140870}"
EndProject
Project("{9A19103F-16F7-4668-BE54-9A1E7A4F7556}") = "Lesson3HomeWork3_Task2", "Lesson3HomeWork3_Task2\Lesson3HomeWork3_Task2.csproj", "{ABF8AFC2-5439-4039-B8F8-FCE5FF24B08F}"
EndProject
Project("{9A19103F-16F7-4668-BE54-9A1E7A4F7556}") = "Lesson3HomeWork3Task3", "Lesson3HomeWork3Task3\Lesson3HomeWork3Task3.csproj", "{26F10534-D4EA-450A-9CB1-8514F374F27A}"
EndProject
Project("{9A19103F-16F7-4668-BE54-9A1E7A4F7556}") = "Lesson3HomeWork3_Task4", "Lesson3HomeWork3_Task4\Lesson3HomeWork3_Task4.csproj", "{B233B60E-E812-482F-8F13-6DB46A6E8524}"
EndProject
Project("{9A19103F-16F7-4668-BE54-9A1E7A4F7556}") = "Lesson3HomeWork3_Task5", "Lesson3HomeWork3_Task5\Lesson3HomeWork3_Task5.csproj", "{4F221217-C04B-4641-867F-0DAA679F98F9}"
EndProject
Project("{9A19103F-16F7-4668-BE54-9A1E7A4F7556}") = "Lesson4HomeWork_Task2", "Lesson4HomeWork_Task2\Lesson4HomeWork_Task2.csproj", "{9F61613D-B55A-46AD-B334-F43F6380A57F}"
EndProject
Project("{9A19103F-16F7-4668-BE54-9A1E7A4F7556}") = "Lesson4HomeWork4_Task3", "Lesson4HomeWork4_Task3\Lesson4HomeWork4_Task3.csproj", "{D0ADD876-19BD-49A9-ADD1-DC109A254E42}"
EndProject
Project("{9A19103F-16F7-4668-BE54-9A1E7A4F7556}") = "Lesson4HomeWork4_Task1", "Lesson4HomeWork4_Task1\Lesson4HomeWork4_Task1.csproj", "{FD26CCF5-F3C6-43F7-AABC-3C942A915FA1}"
EndProject
Project("{9A19103F-16F7-4668-BE54-9A1E7A4F7556}") = "Lesson5HomeWork5_Task1", "Lesson5HomeWork5_Task1\Lesson5HomeWork5_Task1.csproj", "{93E206D5-F9E2-44AF-9E0F-84D39E290798}"
EndProject
Project("{9A19103F-16F7-4668-BE54-9A1E7A4F7556}") = "Lesson5HomeWork5_Task2", "Lesson5HomeWork5_Task2\Lesson5HomeWork5_Task2.csproj", "{F96775DD-EDF3-4B4E-9210-033E8BA26CF6}"
EndProject
Project("{9A19103F-16F7-4668-BE54-9A1E7A4F7556}") = "Lesson5HomeWork5_Task3", "Lesson5HomeWork5_Task3\Lesson5HomeWork5_Task3.csproj", "{2E058643-893A-48FF-9CFA-87903B7231B7}"
EndProject
Project("{9A19103F-16F7-4668-BE54-9A1E7A4F7556}") = "Lesson5HomeWork5_Task4", "Lesson5HomeWork5_Task4\Lesson5HomeWork5_Task4.csproj", "{64310D1C-D47C-40A5-8D02-CB087D3DC939}"
EndProject
Project("{9A19103F-16F7-4668-BE54-9A1E7A4F7556}") = "Lesson5HomeWork5_Task5", "Lesson5HomeWork5_Task5\Lesson5HomeWork5_Task5.csproj", "{452AC2D0-9D8D-43DE-B1F1-0C2BE9774C60}"
EndProject
Project("{9A19103F-16F7-4668-BE54-9A1E7A4F7556}") = "Lesson6HomeWork6_Task1", "Lesson6HomeWork6_Task1\Lesson6HomeWork6_Task1.csproj", "{498F99B0-48C0-4A1B-935F-CC9D93EF9179}"
EndProject
Project("{9A19103F-16F7-4668-BE54-9A1E7A4F7556}") = "Lesson6HomeWork6_Task2", "Lesson6HomeWork6_Task2\Lesson6HomeWork6_Task2.csproj", "{E090819F-8ED8-4388-8D41-0AB1AC8C02C5}"
EndProject
Project("{9A19103F-16F7-4668-BE54-9A1E7A4F7556}") = "Lesson6HomeWork6_Task3", "Lesson6HomeWork6_Task3\Lesson6HomeWork6_Task3.csproj", "{154BF9D1-8892-4E99-B3AB-9C1FAD9DBA80}"
EndProject
Project("{9A19103F-16F7-4668-BE54-9A1E7A4F7556}") = "Lesson6HomeWork6_Task5", "Lesson6HomeWork6_Task5\Lesson6HomeWork6_Task5.csproj", "{8A27A67A-ADE5-47C0-98BA-93577F2B1E9E}"
EndProject
Project("{9A19103F-16F7-4668-BE54-9A1E7A4F7556}") = "Lesson6HomeWork6_Task4", "Lesson6HomeWork6_Task4\Lesson6HomeWork6_Task4.csproj", "{85E4DA09-1A63-4E2C-AC95-02053038E343}"
EndProject
Project("{9A19103F-16F7-4668-BE54-9A1E7A4F7556}") = "Lesson7HomeWork7_Task1", "Lesson7HomeWork7_Task1\Lesson7HomeWork7_Task1.csproj", "{5DDA646E-3CDA-40E8-ABAC-37DC37E7AA52}"
EndProject
Project("{9A19103F-16F7-4668-BE54-9A1E7A4F7556}") = "Lesson7HomeWork7_Task2", "Lesson7HomeWork7_Task2\Lesson7HomeWork7_Task2.csproj", "{260FDC83-8095-4073-BEF7-435F75434B60}"
EndProject
Project("{9A19103F-16F7-4668-BE54-9A1E7A4F7556}") = "Lesson7HomeWork7_Task3", "Lesson7HomeWork7_Task3\Lesson7HomeWork7_Task3.csproj", "{D362EA34-5F93-4F71-9593-058A531BD822}"
EndProject
Project("{9A19103F-16F7-4668-BE54-9A1E7A4F7556}") = "Lesson7HomeWork7_Task4", "Lesson7HomeWork7_Task4\Lesson7HomeWork7_Task4.csproj", "{6438D4EF-15A5-4ACB-A0FA-071955731281}"
EndProject
Project("{9A19103F-16F7-4668-BE54-9A1E7A4F7556}") = "Lesson8HomeWork8_Task1", "Lesson8HomeWork8_Task1\Lesson8HomeWork8_Task1.csproj", "{86142DEF-C332-4270-89E8-32A19824E794}"
EndProject
Project("{9A19103F-16F7-4668-BE54-9A1E7A4F7556}") = "Lesson8HomeWork8_Task2", "Lesson8HomeWork8_Task2\Lesson8HomeWork8_Task2.csproj", "{D6056D83-EFAC-4828-B9C3-B161F9A5A8D1}"
EndProject
Project("{9A19103F-16F7-4668-BE54-9A1E7A4F7556}") = "Lesson8HomeWork8_Task3", "Lesson8HomeWork8_Task3\Lesson8HomeWork8_Task3.csproj", "{BF3E0BD6-4D30-4671-800B-148A228C201C}"
EndProject
Project("{9A19103F-16F7-4668-BE54-9A1E7A4F7556}") = "Lesson8HomeWork8_Task4", "Lesson8HomeWork8_Task4\Lesson8HomeWork8_Task4.csproj", "{EB536B77-BF9F-4637-A6F6-C53EA4C9D4E6}"
EndProject
Project("{9A19103F-16F7-4668-BE54-9A1E7A4F7556}") = "Lesson9HomeWork9_Task1", "Lesson9HomeWork9_Task1\Lesson9HomeWork9_Task1.csproj", "{7C9D8932-A52E-495D-8F2C-52E032981B29}"
EndProject
Project("{9A19103F-16F7-4668-BE54-9A1E7A4F7556}") = "Lesson9HomeWork9_Task2", "Lesson9HomeWork9_Task2\Lesson9HomeWork9_Task2.csproj", "{F436495B-28D8-4BA0-BCA5-28CC415E64BC}"
EndProject
Project("{9A19103F-16F7-4668-BE54-9A1E7A4F7556}") = "Lesson9HomeWork9_Task3", "Lesson9HomeWork9_Task3\Lesson9HomeWork9_Task3.csproj", "{6F469356-54E2-4A99-9BE6-6F81C082AA94}"
EndProject
Project("{9A19103F-16F7-4668-BE54-9A1E7A4F7556}") = "Lesson9HomeWork9_Task4", "Lesson9HomeWork9_Task4\Lesson9HomeWork9_Task4.csproj", "{5EA0C687-A483-4832-8279-C68E095BA969}"
EndProject
Project("{FAE04EC0-301F-11D3-BF4B-00C04F79EFBC}") = "Lesson10HomeWork10_Task1", "Lesson10HomeWork10_Task1\Lesson10HomeWork10_Task1.csproj", "{962BD318-26BB-4CDD-A8CD-3BA1E75A06B5}"
EndProject
Project("{9A19103F-16F7-4668-BE54-9A1E7A4F7556}") = "Lesson10HomeWork10_Task2", "Lesson10HomeWork10_Task2\Lesson10HomeWork10_Task2.csproj", "{68CF25B0-7E32-4A5B-9A98-A8BECEFA829C}"
EndProject
Project("{9A19103F-16F7-4668-BE54-9A1E7A4F7556}") = "Lesson10HomeWork10_Task3", "Lesson10HomeWork10_Task3\Lesson10HomeWork10_Task3.csproj", "{D0D51A6E-0FD5-441C-83F4-E50E9FC0E78F}"
EndProject
Project("{9A19103F-16F7-4668-BE54-9A1E7A4F7556}") = "Lesson10HomeWork10_Task4", "Lesson10HomeWork10_Task4\Lesson10HomeWork10_Task4.csproj", "{B862698E-0674-4152-9F9E-C8BDEFDA4221}"
EndProject
Project("{9A19103F-16F7-4668-BE54-9A1E7A4F7556}") = "Lesson11HomeWork11_Task1", "Lesson11HomeWork11_Task1\Lesson11HomeWork11_Task1.csproj", "{9AEC3E11-07F3-44B4-812D-CE6FD0D19BE8}"
EndProject
Project("{9A19103F-16F7-4668-BE54-9A1E7A4F7556}") = "Lesson11HomeWork11_Task2", "Lesson11HomeWork11_Task2\Lesson11HomeWork11_Task2.csproj", "{447E481A-FB84-4CD6-A87C-CB92E5B13482}"
EndProject
Project("{9A19103F-16F7-4668-BE54-9A1E7A4F7556}") = "Lesson11HomeWork11_Task3", "Lesson11HomeWork11_Task3\Lesson11HomeWork11_Task3.csproj", "{59A16404-A7B5-4DCE-87D5-EF55D307D630}"
EndProject
Project("{9A19103F-16F7-4668-BE54-9A1E7A4F7556}") = "Lesson11HomeWork11_Task4", "Lesson11HomeWork11_Task4\Lesson11HomeWork11_Task4.csproj", "{7D445579-AC33-42FC-BE9C-CADFE0DE8A2F}"
EndProject
Project("{9A19103F-16F7-4668-BE54-9A1E7A4F7556}") = "Lesson12HomeWork12_Task1", "Lesson12HomeWork12_Task1\Lesson12HomeWork12_Task1.csproj", "{4B4714E6-29B1-41F9-A701-573D56D02BAB}"
EndProject
Project("{9A19103F-16F7-4668-BE54-9A1E7A4F7556}") = "Lesson12HomeWork12_Task2", "Lesson12HomeWork12_Task2\Lesson12HomeWork12_Task2.csproj", "{73B659D3-3341-4D47-88C3-D2DAD5F464B3}"
EndProject
Project("{9A19103F-16F7-4668-BE54-9A1E7A4F7556}") = "Lesson12HomeWork12_Task3", "Lesson12HomeWork12_Task3\Lesson12HomeWork12_Task3.csproj", "{2548618F-3040-43A9-8F12-89E0C0F6066F}"
EndProject
Project("{9A19103F-16F7-4668-BE54-9A1E7A4F7556}") = "Lesson12HomeWork12_Task4", "Lesson12HomeWork12_Task4\Lesson12HomeWork12_Task4.csproj", "{28E0A2F3-727F-43A0-8DAC-EFF07BBA8627}"
EndProject
Project("{9A19103F-16F7-4668-BE54-9A1E7A4F7556}") = "Lesson13HomeWork13_Task1", "Lesson13HomeWork13_Task1\Lesson13HomeWork13_Task1.csproj", "{85EBD72D-9CCF-49D5-B1CA-A1A55BB7C9D1}"
EndProject
Project("{9A19103F-16F7-4668-BE54-9A1E7A4F7556}") = "Lesson13HomeWork13_Task2", "Lesson13HomeWork13_Task2\Lesson13HomeWork13_Task2.csproj", "{B445EF6E-8AB9-4FC0-81BC-232F9AC47D04}"
EndProject
Project("{9A19103F-16F7-4668-BE54-9A1E7A4F7556}") = "Lesson13HomeWork13_Task3", "Lesson13HomeWork13_Task3\Lesson13HomeWork13_Task3.csproj", "{63363714-94D1-4F49-AA03-9926FDEDCB1B}"
EndProject
Project("{9A19103F-16F7-4668-BE54-9A1E7A4F7556}") = "Lesson14HomeWork14_Task1", "Lesson14HomeWork14_Task1\Lesson14HomeWork14_Task1.csproj", "{A0B0C372-0414-4D1E-B4AC-A9838F2CB310}"
EndProject
Project("{9A19103F-16F7-4668-BE54-9A1E7A4F7556}") = "Lesson14HomeWork14_Task2", "Lesson14HomeWork14_Task2\Lesson14HomeWork14_Task2.csproj", "{6053B698-CF92-47DF-B84B-D503C694E5E6}"
EndProject
Project("{9A19103F-16F7-4668-BE54-9A1E7A4F7556}") = "Lesson14HomeWork14_Task3", "Lesson14HomeWork14_Task3\Lesson14HomeWork14_Task3.csproj", "{DCBA86B4-403E-4CAA-ADC4-A18C44FB2061}"
EndProject
Project("{9A19103F-16F7-4668-BE54-9A1E7A4F7556}") = "Lesson14HomeWork14_Task4", "Lesson14HomeWork14_Task4\Lesson14HomeWork14_Task4.csproj", "{3CF8AEE1-48D8-4AA9-879D-2AEAD006635D}"
EndProject
Project("{9A19103F-16F7-4668-BE54-9A1E7A4F7556}") = "Lesson9HomeWork9_DopTask1", "Lesson9HomeWork9_DopTask1\Lesson9HomeWork9_DopTask1.csproj", "{D118220C-52B1-474E-8516-8E762E77EB71}"
EndProject
Project("{9A19103F-16F7-4668-BE54-9A1E7A4F7556}") = "Lesson9HomeWork9_DopTask2", "Lesson9HomeWork9_DopTask2\Lesson9HomeWork9_DopTask2.csproj", "{91599283-3F46-4AE3-94AA-BD7BC404404A}"
EndProject
Project("{9A19103F-16F7-4668-BE54-9A1E7A4F7556}") = "Lesson9HomeWork9_DopTask3", "Lesson9HomeWork9_DopTask3\Lesson9HomeWork9_DopTask3.csproj", "{6C6BFB31-BA6F-4D60-A37A-A9B004921CFA}"
EndProject
Project("{9A19103F-16F7-4668-BE54-9A1E7A4F7556}") = "Lesson9HomeWork9_DopTask4", "Lesson9HomeWork9_DopTask4\Lesson9HomeWork9_DopTask4.csproj", "{6FAD92EE-0D18-4F83-983F-E58D5D7F3533}"
EndProject
Project("{9A19103F-16F7-4668-BE54-9A1E7A4F7556}") = "Lesson9HomeWork9_DopTask5", "Lesson9HomeWork9_DopTask5\Lesson9HomeWork9_DopTask5.csproj", "{8A10A81D-8907-44D0-A95D-95616C8EF745}"
EndProject
Project("{9A19103F-16F7-4668-BE54-9A1E7A4F7556}") = "Lesson15HomeWork15_Task1", "Lesson15HomeWork15_Task1\Lesson15HomeWork15_Task1.csproj", "{E3440FE5-8B78-42DB-9F43-68C29AB07BD7}"
EndProject
Project("{9A19103F-16F7-4668-BE54-9A1E7A4F7556}") = "Lesson15HomeWork15_Task2", "Lesson15HomeWork15_Task2\Lesson15HomeWork15_Task2.csproj", "{E0DE50EC-0829-41D8-AAE4-69A1D4740440}"
EndProject
Project("{9A19103F-16F7-4668-BE54-9A1E7A4F7556}") = "Lesson15HomeWork15_Task3", "Lesson15HomeWork15_Task3\Lesson15HomeWork15_Task3.csproj", "{7FB68FFF-A5E0-4541-B666-E3AF4C66BF6A}"
EndProject
Project("{9A19103F-16F7-4668-BE54-9A1E7A4F7556}") = "Lesson16HomeWork16_Task1", "Lesson16HomeWork16_Task1\Lesson16HomeWork16_Task1.csproj", "{735A72E8-4453-45D6-90AC-687EACFF97D1}"
EndProject
Project("{9A19103F-16F7-4668-BE54-9A1E7A4F7556}") = "Lesson16HomeWork16_Task2", "Lesson16HomeWork16_Task2\Lesson16HomeWork16_Task2.csproj", "{38F172ED-91A1-42E0-8A2B-253F38FFFF2C}"
EndProject
Project("{9A19103F-16F7-4668-BE54-9A1E7A4F7556}") = "Lesson16HomeWork16_Task3", "Lesson16HomeWork16_Task3\Lesson16HomeWork16_Task3.csproj", "{C25A5BD3-A4F8-4370-B4DC-2D590514434C}"
EndProject
Project("{9A19103F-16F7-4668-BE54-9A1E7A4F7556}") = "Lesson17HomeWork17_Task1", "Lesson17HomeWork17_Task1\Lesson17HomeWork17_Task1.csproj", "{FCB1AF66-5C0B-47AA-B5FE-D437BD3CA788}"
EndProject
Project("{9A19103F-16F7-4668-BE54-9A1E7A4F7556}") = "Lesson17HomeWork17_Task2", "Lesson17HomeWork17_Task2\Lesson17HomeWork17_Task2.csproj", "{ABCE2944-2563-43C1-9AEE-5B8BED55496E}"
EndProject
Project("{9A19103F-16F7-4668-BE54-9A1E7A4F7556}") = "Lesson17HomeWork17_Task3", "Lesson17HomeWork17_Task3\Lesson17HomeWork17_Task3.csproj", "{FCC5AD24-24CA-4826-BB41-7D7A8BCA3BA6}"
EndProject
Project("{9A19103F-16F7-4668-BE54-9A1E7A4F7556}") = "Lesson18HomeWork18_Task1", "Lesson18HomeWork18_Task1\Lesson18HomeWork18_Task1.csproj", "{FE552BA3-E719-408F-969D-0E89EC42A21C}"
EndProject
Project("{9A19103F-16F7-4668-BE54-9A1E7A4F7556}") = "Lesson18HomeWork18_Task2", "Lesson18HomeWork18_Task2\Lesson18HomeWork18_Task2.csproj", "{C98F6B6B-E3B3-4BEF-81B3-A2D522ECDEBF}"
EndProject
Project("{9A19103F-16F7-4668-BE54-9A1E7A4F7556}") = "Lesson18HomeWork18_Task3", "Lesson18HomeWork18_Task3\Lesson18HomeWork18_Task3.csproj", "{92CAC341-937E-41F4-A50D-EA103B349200}"
EndProject
Project("{9A19103F-16F7-4668-BE54-9A1E7A4F7556}") = "Lesson19HomeWork19_Task1", "Lesson19HomeWork19_Task1\Lesson19HomeWork19_Task1.csproj", "{AD8F7069-7DF7-461C-B6F2-0A98B8568CF5}"
EndProject
Project("{9A19103F-16F7-4668-BE54-9A1E7A4F7556}") = "Lesson19HomeWork19_Task2", "Lesson19HomeWork19_Task2\Lesson19HomeWork19_Task2.csproj", "{37156638-FF33-450D-A32F-D426B77BD9F8}"
EndProject
Project("{9A19103F-16F7-4668-BE54-9A1E7A4F7556}") = "Lesson19HomeWork19_Task3", "Lesson19HomeWork19_Task3\Lesson19HomeWork19_Task3.csproj", "{71F2C3D5-0A61-4AF0-A5F8-0DF4C5E44D0C}"
EndProject
Project("{9A19103F-16F7-4668-BE54-9A1E7A4F7556}") = "Lesson19HomeWork19_Task4", "Lesson19HomeWork19_Task4\Lesson19HomeWork19_Task4.csproj", "{3A3F226D-B1A9-48D2-B59B-190E09CB0AD0}"
EndProject
Project("{9A19103F-16F7-4668-BE54-9A1E7A4F7556}") = "Lesson20HomeWork20_Task1", "Lesson20HomeWork20_Task1\Lesson20HomeWork20_Task1.csproj", "{71E90DA4-3661-4D07-9B72-D74BEA970FC6}"
EndProject
Project("{9A19103F-16F7-4668-BE54-9A1E7A4F7556}") = "Lesson20HomeWork20_Task2", "Lesson20HomeWork20_Task2\Lesson20HomeWork20_Task2.csproj", "{A1C2D11D-2CBD-466A-8BC1-2BA73A49C833}"
EndProject
Project("{9A19103F-16F7-4668-BE54-9A1E7A4F7556}") = "Lesson20HomeWork20_Task3", "Lesson20HomeWork20_Task3\Lesson20HomeWork20_Task3.csproj", "{34C2DCA3-7CCE-4DB7-85AF-B8F175CE04F8}"
EndProject
Project("{9A19103F-16F7-4668-BE54-9A1E7A4F7556}") = "Lesson20HomeWork20_Task4", "Lesson20HomeWork20_Task4\Lesson20HomeWork20_Task4.csproj", "{F4C851A4-1339-4953-AF08-763F6D0AAB53}"
EndProject
Project("{9A19103F-16F7-4668-BE54-9A1E7A4F7556}") = "Lesson21HomeWork21_Task1", "Lesson21HomeWork21_Task1\Lesson21HomeWork21_Task1.csproj", "{7C902576-3CC0-4350-8B36-02420002D4AC}"
EndProject
Project("{9A19103F-16F7-4668-BE54-9A1E7A4F7556}") = "Lesson21HomeWork21_Task2", "Lesson21HomeWork21_Task2\Lesson21HomeWork21_Task2.csproj", "{FDEE9424-8A7B-4851-94FF-867EB81D3641}"
EndProject
Project("{9A19103F-16F7-4668-BE54-9A1E7A4F7556}") = "Lesson21HomeWork21_Task3", "Lesson21HomeWork21_Task3\Lesson21HomeWork21_Task3.csproj", "{F77605A9-360F-4E15-8C91-A2F6C5C375D9}"
EndProject
Project("{9A19103F-16F7-4668-BE54-9A1E7A4F7556}") = "Lesson21HomeWork21_Task4", "Lesson21HomeWork21_Task4\Lesson21HomeWork21_Task4.csproj", "{82D491D9-AB38-4CD1-94E2-9977988024E4}"
EndProject
Project("{9A19103F-16F7-4668-BE54-9A1E7A4F7556}") = "MVP", "..\..\..\03_C# Essential\012_Events\003_MVP\MVP\MVP.csproj", "{78DC5154-39A6-49C0-AA6C-5F04B19B64AE}"
EndProject
Project("{FAE04EC0-301F-11D3-BF4B-00C04F79EFBC}") = "Lesson22HomeWork22_Task1", "Lesson22HomeWork22_Task1\Lesson22HomeWork22_Task1.csproj", "{8716AEE2-0093-4F20-AC5D-FC160E6FDA1B}"
EndProject
Project("{FAE04EC0-301F-11D3-BF4B-00C04F79EFBC}") = "Lesson22HomeWork22_Task2", "Lesson22HomeWork22_Task2\Lesson22HomeWork22_Task2.csproj", "{71034DAE-03F0-43AB-9872-842C40C4A367}"
EndProject
Project("{FAE04EC0-301F-11D3-BF4B-00C04F79EFBC}") = "Lesson22HomeWork22_Task3", "Lesson22HomeWork22_Task3\Lesson22HomeWork22_Task3.csproj", "{09D9A431-8682-4490-A4D1-56063087B709}"
EndProject
Project("{FAE04EC0-301F-11D3-BF4B-00C04F79EFBC}") = "Lesson24HomeWork24_Task1", "Lesson24HomeWork24_Task1\Lesson24HomeWork24_Task1.csproj", "{841EE7B1-BDDD-4E2B-87B0-DA861B10B5EB}"
EndProject
Project("{FAE04EC0-301F-11D3-BF4B-00C04F79EFBC}") = "Lesson24HomeWork24_Task2", "Lesson24HomeWork24_Task2\Lesson24HomeWork24_Task2.csproj", "{8CA74AAF-F1A3-4AD7-BEF5-BC299531AFE8}"
EndProject
Project("{FAE04EC0-301F-11D3-BF4B-00C04F79EFBC}") = "Lesson24HomeWork24_Task3", "Lesson24HomeWork24_Task3\Lesson24HomeWork24_Task3.csproj", "{EBDBAA4C-3EE1-49A5-A3D2-BFE7A9822094}"
EndProject
Project("{FAE04EC0-301F-11D3-BF4B-00C04F79EFBC}") = "Lesson22HomeWork22_Task4", "Lesson22HomeWork22_Task4\Lesson22HomeWork22_Task4.csproj", "{B483C056-5FA0-4BD8-850D-F9B785FE6D4A}"
EndProject
Global
	GlobalSection(SolutionConfigurationPlatforms) = preSolution
		Debug|Any CPU = Debug|Any CPU
		Release|Any CPU = Release|Any CPU
	EndGlobalSection
	GlobalSection(ProjectConfigurationPlatforms) = postSolution
		{5FBCBD77-F0E5-43D3-811C-BFF402DA4E87}.Debug|Any CPU.ActiveCfg = Debug|Any CPU
		{5FBCBD77-F0E5-43D3-811C-BFF402DA4E87}.Debug|Any CPU.Build.0 = Debug|Any CPU
		{5FBCBD77-F0E5-43D3-811C-BFF402DA4E87}.Release|Any CPU.ActiveCfg = Release|Any CPU
		{5FBCBD77-F0E5-43D3-811C-BFF402DA4E87}.Release|Any CPU.Build.0 = Release|Any CPU
		{0C21423F-C6F9-469D-8571-9A374B487925}.Debug|Any CPU.ActiveCfg = Debug|Any CPU
		{0C21423F-C6F9-469D-8571-9A374B487925}.Debug|Any CPU.Build.0 = Debug|Any CPU
		{0C21423F-C6F9-469D-8571-9A374B487925}.Release|Any CPU.ActiveCfg = Release|Any CPU
		{0C21423F-C6F9-469D-8571-9A374B487925}.Release|Any CPU.Build.0 = Release|Any CPU
		{6F6120C5-B277-4175-B921-19BBAB8A8274}.Debug|Any CPU.ActiveCfg = Debug|Any CPU
		{6F6120C5-B277-4175-B921-19BBAB8A8274}.Debug|Any CPU.Build.0 = Debug|Any CPU
		{6F6120C5-B277-4175-B921-19BBAB8A8274}.Release|Any CPU.ActiveCfg = Release|Any CPU
		{6F6120C5-B277-4175-B921-19BBAB8A8274}.Release|Any CPU.Build.0 = Release|Any CPU
		{3BADD8AF-27EA-4AD1-93BB-28ED526DB7AF}.Debug|Any CPU.ActiveCfg = Debug|Any CPU
		{3BADD8AF-27EA-4AD1-93BB-28ED526DB7AF}.Debug|Any CPU.Build.0 = Debug|Any CPU
		{3BADD8AF-27EA-4AD1-93BB-28ED526DB7AF}.Release|Any CPU.ActiveCfg = Release|Any CPU
		{3BADD8AF-27EA-4AD1-93BB-28ED526DB7AF}.Release|Any CPU.Build.0 = Release|Any CPU
		{9DFBF88D-14BA-4901-858A-007ED59F32D3}.Debug|Any CPU.ActiveCfg = Debug|Any CPU
		{9DFBF88D-14BA-4901-858A-007ED59F32D3}.Debug|Any CPU.Build.0 = Debug|Any CPU
		{9DFBF88D-14BA-4901-858A-007ED59F32D3}.Release|Any CPU.ActiveCfg = Release|Any CPU
		{9DFBF88D-14BA-4901-858A-007ED59F32D3}.Release|Any CPU.Build.0 = Release|Any CPU
		{F954EE03-F530-47A7-AD19-8C9A88140870}.Debug|Any CPU.ActiveCfg = Debug|Any CPU
		{F954EE03-F530-47A7-AD19-8C9A88140870}.Debug|Any CPU.Build.0 = Debug|Any CPU
		{F954EE03-F530-47A7-AD19-8C9A88140870}.Release|Any CPU.ActiveCfg = Release|Any CPU
		{F954EE03-F530-47A7-AD19-8C9A88140870}.Release|Any CPU.Build.0 = Release|Any CPU
		{ABF8AFC2-5439-4039-B8F8-FCE5FF24B08F}.Debug|Any CPU.ActiveCfg = Debug|Any CPU
		{ABF8AFC2-5439-4039-B8F8-FCE5FF24B08F}.Debug|Any CPU.Build.0 = Debug|Any CPU
		{ABF8AFC2-5439-4039-B8F8-FCE5FF24B08F}.Release|Any CPU.ActiveCfg = Release|Any CPU
		{ABF8AFC2-5439-4039-B8F8-FCE5FF24B08F}.Release|Any CPU.Build.0 = Release|Any CPU
		{26F10534-D4EA-450A-9CB1-8514F374F27A}.Debug|Any CPU.ActiveCfg = Debug|Any CPU
		{26F10534-D4EA-450A-9CB1-8514F374F27A}.Debug|Any CPU.Build.0 = Debug|Any CPU
		{26F10534-D4EA-450A-9CB1-8514F374F27A}.Release|Any CPU.ActiveCfg = Release|Any CPU
		{26F10534-D4EA-450A-9CB1-8514F374F27A}.Release|Any CPU.Build.0 = Release|Any CPU
		{B233B60E-E812-482F-8F13-6DB46A6E8524}.Debug|Any CPU.ActiveCfg = Debug|Any CPU
		{B233B60E-E812-482F-8F13-6DB46A6E8524}.Debug|Any CPU.Build.0 = Debug|Any CPU
		{B233B60E-E812-482F-8F13-6DB46A6E8524}.Release|Any CPU.ActiveCfg = Release|Any CPU
		{B233B60E-E812-482F-8F13-6DB46A6E8524}.Release|Any CPU.Build.0 = Release|Any CPU
		{4F221217-C04B-4641-867F-0DAA679F98F9}.Debug|Any CPU.ActiveCfg = Debug|Any CPU
		{4F221217-C04B-4641-867F-0DAA679F98F9}.Debug|Any CPU.Build.0 = Debug|Any CPU
		{4F221217-C04B-4641-867F-0DAA679F98F9}.Release|Any CPU.ActiveCfg = Release|Any CPU
		{4F221217-C04B-4641-867F-0DAA679F98F9}.Release|Any CPU.Build.0 = Release|Any CPU
		{9F61613D-B55A-46AD-B334-F43F6380A57F}.Debug|Any CPU.ActiveCfg = Debug|Any CPU
		{9F61613D-B55A-46AD-B334-F43F6380A57F}.Debug|Any CPU.Build.0 = Debug|Any CPU
		{9F61613D-B55A-46AD-B334-F43F6380A57F}.Release|Any CPU.ActiveCfg = Release|Any CPU
		{9F61613D-B55A-46AD-B334-F43F6380A57F}.Release|Any CPU.Build.0 = Release|Any CPU
		{D0ADD876-19BD-49A9-ADD1-DC109A254E42}.Debug|Any CPU.ActiveCfg = Debug|Any CPU
		{D0ADD876-19BD-49A9-ADD1-DC109A254E42}.Debug|Any CPU.Build.0 = Debug|Any CPU
		{D0ADD876-19BD-49A9-ADD1-DC109A254E42}.Release|Any CPU.ActiveCfg = Release|Any CPU
		{D0ADD876-19BD-49A9-ADD1-DC109A254E42}.Release|Any CPU.Build.0 = Release|Any CPU
		{FD26CCF5-F3C6-43F7-AABC-3C942A915FA1}.Debug|Any CPU.ActiveCfg = Debug|Any CPU
		{FD26CCF5-F3C6-43F7-AABC-3C942A915FA1}.Debug|Any CPU.Build.0 = Debug|Any CPU
		{FD26CCF5-F3C6-43F7-AABC-3C942A915FA1}.Release|Any CPU.ActiveCfg = Release|Any CPU
		{FD26CCF5-F3C6-43F7-AABC-3C942A915FA1}.Release|Any CPU.Build.0 = Release|Any CPU
		{93E206D5-F9E2-44AF-9E0F-84D39E290798}.Debug|Any CPU.ActiveCfg = Debug|Any CPU
		{93E206D5-F9E2-44AF-9E0F-84D39E290798}.Debug|Any CPU.Build.0 = Debug|Any CPU
		{93E206D5-F9E2-44AF-9E0F-84D39E290798}.Release|Any CPU.ActiveCfg = Release|Any CPU
		{93E206D5-F9E2-44AF-9E0F-84D39E290798}.Release|Any CPU.Build.0 = Release|Any CPU
		{F96775DD-EDF3-4B4E-9210-033E8BA26CF6}.Debug|Any CPU.ActiveCfg = Debug|Any CPU
		{F96775DD-EDF3-4B4E-9210-033E8BA26CF6}.Debug|Any CPU.Build.0 = Debug|Any CPU
		{F96775DD-EDF3-4B4E-9210-033E8BA26CF6}.Release|Any CPU.ActiveCfg = Release|Any CPU
		{F96775DD-EDF3-4B4E-9210-033E8BA26CF6}.Release|Any CPU.Build.0 = Release|Any CPU
		{2E058643-893A-48FF-9CFA-87903B7231B7}.Debug|Any CPU.ActiveCfg = Debug|Any CPU
		{2E058643-893A-48FF-9CFA-87903B7231B7}.Debug|Any CPU.Build.0 = Debug|Any CPU
		{2E058643-893A-48FF-9CFA-87903B7231B7}.Release|Any CPU.ActiveCfg = Release|Any CPU
		{2E058643-893A-48FF-9CFA-87903B7231B7}.Release|Any CPU.Build.0 = Release|Any CPU
		{64310D1C-D47C-40A5-8D02-CB087D3DC939}.Debug|Any CPU.ActiveCfg = Debug|Any CPU
		{64310D1C-D47C-40A5-8D02-CB087D3DC939}.Debug|Any CPU.Build.0 = Debug|Any CPU
		{64310D1C-D47C-40A5-8D02-CB087D3DC939}.Release|Any CPU.ActiveCfg = Release|Any CPU
		{64310D1C-D47C-40A5-8D02-CB087D3DC939}.Release|Any CPU.Build.0 = Release|Any CPU
		{452AC2D0-9D8D-43DE-B1F1-0C2BE9774C60}.Debug|Any CPU.ActiveCfg = Debug|Any CPU
		{452AC2D0-9D8D-43DE-B1F1-0C2BE9774C60}.Debug|Any CPU.Build.0 = Debug|Any CPU
		{452AC2D0-9D8D-43DE-B1F1-0C2BE9774C60}.Release|Any CPU.ActiveCfg = Release|Any CPU
		{452AC2D0-9D8D-43DE-B1F1-0C2BE9774C60}.Release|Any CPU.Build.0 = Release|Any CPU
		{498F99B0-48C0-4A1B-935F-CC9D93EF9179}.Debug|Any CPU.ActiveCfg = Debug|Any CPU
		{498F99B0-48C0-4A1B-935F-CC9D93EF9179}.Debug|Any CPU.Build.0 = Debug|Any CPU
		{498F99B0-48C0-4A1B-935F-CC9D93EF9179}.Release|Any CPU.ActiveCfg = Release|Any CPU
		{498F99B0-48C0-4A1B-935F-CC9D93EF9179}.Release|Any CPU.Build.0 = Release|Any CPU
		{E090819F-8ED8-4388-8D41-0AB1AC8C02C5}.Debug|Any CPU.ActiveCfg = Debug|Any CPU
		{E090819F-8ED8-4388-8D41-0AB1AC8C02C5}.Debug|Any CPU.Build.0 = Debug|Any CPU
		{E090819F-8ED8-4388-8D41-0AB1AC8C02C5}.Release|Any CPU.ActiveCfg = Release|Any CPU
		{E090819F-8ED8-4388-8D41-0AB1AC8C02C5}.Release|Any CPU.Build.0 = Release|Any CPU
		{154BF9D1-8892-4E99-B3AB-9C1FAD9DBA80}.Debug|Any CPU.ActiveCfg = Debug|Any CPU
		{154BF9D1-8892-4E99-B3AB-9C1FAD9DBA80}.Debug|Any CPU.Build.0 = Debug|Any CPU
		{154BF9D1-8892-4E99-B3AB-9C1FAD9DBA80}.Release|Any CPU.ActiveCfg = Release|Any CPU
		{154BF9D1-8892-4E99-B3AB-9C1FAD9DBA80}.Release|Any CPU.Build.0 = Release|Any CPU
		{8A27A67A-ADE5-47C0-98BA-93577F2B1E9E}.Debug|Any CPU.ActiveCfg = Debug|Any CPU
		{8A27A67A-ADE5-47C0-98BA-93577F2B1E9E}.Debug|Any CPU.Build.0 = Debug|Any CPU
		{8A27A67A-ADE5-47C0-98BA-93577F2B1E9E}.Release|Any CPU.ActiveCfg = Release|Any CPU
		{8A27A67A-ADE5-47C0-98BA-93577F2B1E9E}.Release|Any CPU.Build.0 = Release|Any CPU
		{85E4DA09-1A63-4E2C-AC95-02053038E343}.Debug|Any CPU.ActiveCfg = Debug|Any CPU
		{85E4DA09-1A63-4E2C-AC95-02053038E343}.Debug|Any CPU.Build.0 = Debug|Any CPU
		{85E4DA09-1A63-4E2C-AC95-02053038E343}.Release|Any CPU.ActiveCfg = Release|Any CPU
		{85E4DA09-1A63-4E2C-AC95-02053038E343}.Release|Any CPU.Build.0 = Release|Any CPU
		{5DDA646E-3CDA-40E8-ABAC-37DC37E7AA52}.Debug|Any CPU.ActiveCfg = Debug|Any CPU
		{5DDA646E-3CDA-40E8-ABAC-37DC37E7AA52}.Debug|Any CPU.Build.0 = Debug|Any CPU
		{5DDA646E-3CDA-40E8-ABAC-37DC37E7AA52}.Release|Any CPU.ActiveCfg = Release|Any CPU
		{5DDA646E-3CDA-40E8-ABAC-37DC37E7AA52}.Release|Any CPU.Build.0 = Release|Any CPU
		{260FDC83-8095-4073-BEF7-435F75434B60}.Debug|Any CPU.ActiveCfg = Debug|Any CPU
		{260FDC83-8095-4073-BEF7-435F75434B60}.Debug|Any CPU.Build.0 = Debug|Any CPU
		{260FDC83-8095-4073-BEF7-435F75434B60}.Release|Any CPU.ActiveCfg = Release|Any CPU
		{260FDC83-8095-4073-BEF7-435F75434B60}.Release|Any CPU.Build.0 = Release|Any CPU
		{D362EA34-5F93-4F71-9593-058A531BD822}.Debug|Any CPU.ActiveCfg = Debug|Any CPU
		{D362EA34-5F93-4F71-9593-058A531BD822}.Debug|Any CPU.Build.0 = Debug|Any CPU
		{D362EA34-5F93-4F71-9593-058A531BD822}.Release|Any CPU.ActiveCfg = Release|Any CPU
		{D362EA34-5F93-4F71-9593-058A531BD822}.Release|Any CPU.Build.0 = Release|Any CPU
		{6438D4EF-15A5-4ACB-A0FA-071955731281}.Debug|Any CPU.ActiveCfg = Debug|Any CPU
		{6438D4EF-15A5-4ACB-A0FA-071955731281}.Debug|Any CPU.Build.0 = Debug|Any CPU
		{6438D4EF-15A5-4ACB-A0FA-071955731281}.Release|Any CPU.ActiveCfg = Release|Any CPU
		{6438D4EF-15A5-4ACB-A0FA-071955731281}.Release|Any CPU.Build.0 = Release|Any CPU
		{86142DEF-C332-4270-89E8-32A19824E794}.Debug|Any CPU.ActiveCfg = Debug|Any CPU
		{86142DEF-C332-4270-89E8-32A19824E794}.Debug|Any CPU.Build.0 = Debug|Any CPU
		{86142DEF-C332-4270-89E8-32A19824E794}.Release|Any CPU.ActiveCfg = Release|Any CPU
		{86142DEF-C332-4270-89E8-32A19824E794}.Release|Any CPU.Build.0 = Release|Any CPU
		{D6056D83-EFAC-4828-B9C3-B161F9A5A8D1}.Debug|Any CPU.ActiveCfg = Debug|Any CPU
		{D6056D83-EFAC-4828-B9C3-B161F9A5A8D1}.Debug|Any CPU.Build.0 = Debug|Any CPU
		{D6056D83-EFAC-4828-B9C3-B161F9A5A8D1}.Release|Any CPU.ActiveCfg = Release|Any CPU
		{D6056D83-EFAC-4828-B9C3-B161F9A5A8D1}.Release|Any CPU.Build.0 = Release|Any CPU
		{BF3E0BD6-4D30-4671-800B-148A228C201C}.Debug|Any CPU.ActiveCfg = Debug|Any CPU
		{BF3E0BD6-4D30-4671-800B-148A228C201C}.Debug|Any CPU.Build.0 = Debug|Any CPU
		{BF3E0BD6-4D30-4671-800B-148A228C201C}.Release|Any CPU.ActiveCfg = Release|Any CPU
		{BF3E0BD6-4D30-4671-800B-148A228C201C}.Release|Any CPU.Build.0 = Release|Any CPU
		{EB536B77-BF9F-4637-A6F6-C53EA4C9D4E6}.Debug|Any CPU.ActiveCfg = Debug|Any CPU
		{EB536B77-BF9F-4637-A6F6-C53EA4C9D4E6}.Debug|Any CPU.Build.0 = Debug|Any CPU
		{EB536B77-BF9F-4637-A6F6-C53EA4C9D4E6}.Release|Any CPU.ActiveCfg = Release|Any CPU
		{EB536B77-BF9F-4637-A6F6-C53EA4C9D4E6}.Release|Any CPU.Build.0 = Release|Any CPU
		{7C9D8932-A52E-495D-8F2C-52E032981B29}.Debug|Any CPU.ActiveCfg = Debug|Any CPU
		{7C9D8932-A52E-495D-8F2C-52E032981B29}.Debug|Any CPU.Build.0 = Debug|Any CPU
		{7C9D8932-A52E-495D-8F2C-52E032981B29}.Release|Any CPU.ActiveCfg = Release|Any CPU
		{7C9D8932-A52E-495D-8F2C-52E032981B29}.Release|Any CPU.Build.0 = Release|Any CPU
		{F436495B-28D8-4BA0-BCA5-28CC415E64BC}.Debug|Any CPU.ActiveCfg = Debug|Any CPU
		{F436495B-28D8-4BA0-BCA5-28CC415E64BC}.Debug|Any CPU.Build.0 = Debug|Any CPU
		{F436495B-28D8-4BA0-BCA5-28CC415E64BC}.Release|Any CPU.ActiveCfg = Release|Any CPU
		{F436495B-28D8-4BA0-BCA5-28CC415E64BC}.Release|Any CPU.Build.0 = Release|Any CPU
		{6F469356-54E2-4A99-9BE6-6F81C082AA94}.Debug|Any CPU.ActiveCfg = Debug|Any CPU
		{6F469356-54E2-4A99-9BE6-6F81C082AA94}.Debug|Any CPU.Build.0 = Debug|Any CPU
		{6F469356-54E2-4A99-9BE6-6F81C082AA94}.Release|Any CPU.ActiveCfg = Release|Any CPU
		{6F469356-54E2-4A99-9BE6-6F81C082AA94}.Release|Any CPU.Build.0 = Release|Any CPU
		{5EA0C687-A483-4832-8279-C68E095BA969}.Debug|Any CPU.ActiveCfg = Debug|Any CPU
		{5EA0C687-A483-4832-8279-C68E095BA969}.Debug|Any CPU.Build.0 = Debug|Any CPU
		{5EA0C687-A483-4832-8279-C68E095BA969}.Release|Any CPU.ActiveCfg = Release|Any CPU
		{5EA0C687-A483-4832-8279-C68E095BA969}.Release|Any CPU.Build.0 = Release|Any CPU
		{962BD318-26BB-4CDD-A8CD-3BA1E75A06B5}.Debug|Any CPU.ActiveCfg = Debug|Any CPU
		{962BD318-26BB-4CDD-A8CD-3BA1E75A06B5}.Debug|Any CPU.Build.0 = Debug|Any CPU
		{962BD318-26BB-4CDD-A8CD-3BA1E75A06B5}.Release|Any CPU.ActiveCfg = Release|Any CPU
		{962BD318-26BB-4CDD-A8CD-3BA1E75A06B5}.Release|Any CPU.Build.0 = Release|Any CPU
		{68CF25B0-7E32-4A5B-9A98-A8BECEFA829C}.Debug|Any CPU.ActiveCfg = Debug|Any CPU
		{68CF25B0-7E32-4A5B-9A98-A8BECEFA829C}.Debug|Any CPU.Build.0 = Debug|Any CPU
		{68CF25B0-7E32-4A5B-9A98-A8BECEFA829C}.Release|Any CPU.ActiveCfg = Release|Any CPU
		{68CF25B0-7E32-4A5B-9A98-A8BECEFA829C}.Release|Any CPU.Build.0 = Release|Any CPU
		{D0D51A6E-0FD5-441C-83F4-E50E9FC0E78F}.Debug|Any CPU.ActiveCfg = Debug|Any CPU
		{D0D51A6E-0FD5-441C-83F4-E50E9FC0E78F}.Debug|Any CPU.Build.0 = Debug|Any CPU
		{D0D51A6E-0FD5-441C-83F4-E50E9FC0E78F}.Release|Any CPU.ActiveCfg = Release|Any CPU
		{D0D51A6E-0FD5-441C-83F4-E50E9FC0E78F}.Release|Any CPU.Build.0 = Release|Any CPU
		{B862698E-0674-4152-9F9E-C8BDEFDA4221}.Debug|Any CPU.ActiveCfg = Debug|Any CPU
		{B862698E-0674-4152-9F9E-C8BDEFDA4221}.Debug|Any CPU.Build.0 = Debug|Any CPU
		{B862698E-0674-4152-9F9E-C8BDEFDA4221}.Release|Any CPU.ActiveCfg = Release|Any CPU
		{B862698E-0674-4152-9F9E-C8BDEFDA4221}.Release|Any CPU.Build.0 = Release|Any CPU
		{9AEC3E11-07F3-44B4-812D-CE6FD0D19BE8}.Debug|Any CPU.ActiveCfg = Debug|Any CPU
		{9AEC3E11-07F3-44B4-812D-CE6FD0D19BE8}.Debug|Any CPU.Build.0 = Debug|Any CPU
		{9AEC3E11-07F3-44B4-812D-CE6FD0D19BE8}.Release|Any CPU.ActiveCfg = Release|Any CPU
		{9AEC3E11-07F3-44B4-812D-CE6FD0D19BE8}.Release|Any CPU.Build.0 = Release|Any CPU
		{447E481A-FB84-4CD6-A87C-CB92E5B13482}.Debug|Any CPU.ActiveCfg = Debug|Any CPU
		{447E481A-FB84-4CD6-A87C-CB92E5B13482}.Debug|Any CPU.Build.0 = Debug|Any CPU
		{447E481A-FB84-4CD6-A87C-CB92E5B13482}.Release|Any CPU.ActiveCfg = Release|Any CPU
		{447E481A-FB84-4CD6-A87C-CB92E5B13482}.Release|Any CPU.Build.0 = Release|Any CPU
		{59A16404-A7B5-4DCE-87D5-EF55D307D630}.Debug|Any CPU.ActiveCfg = Debug|Any CPU
		{59A16404-A7B5-4DCE-87D5-EF55D307D630}.Debug|Any CPU.Build.0 = Debug|Any CPU
		{59A16404-A7B5-4DCE-87D5-EF55D307D630}.Release|Any CPU.ActiveCfg = Release|Any CPU
		{59A16404-A7B5-4DCE-87D5-EF55D307D630}.Release|Any CPU.Build.0 = Release|Any CPU
		{7D445579-AC33-42FC-BE9C-CADFE0DE8A2F}.Debug|Any CPU.ActiveCfg = Debug|Any CPU
		{7D445579-AC33-42FC-BE9C-CADFE0DE8A2F}.Debug|Any CPU.Build.0 = Debug|Any CPU
		{7D445579-AC33-42FC-BE9C-CADFE0DE8A2F}.Release|Any CPU.ActiveCfg = Release|Any CPU
		{7D445579-AC33-42FC-BE9C-CADFE0DE8A2F}.Release|Any CPU.Build.0 = Release|Any CPU
		{4B4714E6-29B1-41F9-A701-573D56D02BAB}.Debug|Any CPU.ActiveCfg = Debug|Any CPU
		{4B4714E6-29B1-41F9-A701-573D56D02BAB}.Debug|Any CPU.Build.0 = Debug|Any CPU
		{4B4714E6-29B1-41F9-A701-573D56D02BAB}.Release|Any CPU.ActiveCfg = Release|Any CPU
		{4B4714E6-29B1-41F9-A701-573D56D02BAB}.Release|Any CPU.Build.0 = Release|Any CPU
		{73B659D3-3341-4D47-88C3-D2DAD5F464B3}.Debug|Any CPU.ActiveCfg = Debug|Any CPU
		{73B659D3-3341-4D47-88C3-D2DAD5F464B3}.Debug|Any CPU.Build.0 = Debug|Any CPU
		{73B659D3-3341-4D47-88C3-D2DAD5F464B3}.Release|Any CPU.ActiveCfg = Release|Any CPU
		{73B659D3-3341-4D47-88C3-D2DAD5F464B3}.Release|Any CPU.Build.0 = Release|Any CPU
		{2548618F-3040-43A9-8F12-89E0C0F6066F}.Debug|Any CPU.ActiveCfg = Debug|Any CPU
		{2548618F-3040-43A9-8F12-89E0C0F6066F}.Debug|Any CPU.Build.0 = Debug|Any CPU
		{2548618F-3040-43A9-8F12-89E0C0F6066F}.Release|Any CPU.ActiveCfg = Release|Any CPU
		{2548618F-3040-43A9-8F12-89E0C0F6066F}.Release|Any CPU.Build.0 = Release|Any CPU
		{28E0A2F3-727F-43A0-8DAC-EFF07BBA8627}.Debug|Any CPU.ActiveCfg = Debug|Any CPU
		{28E0A2F3-727F-43A0-8DAC-EFF07BBA8627}.Debug|Any CPU.Build.0 = Debug|Any CPU
		{28E0A2F3-727F-43A0-8DAC-EFF07BBA8627}.Release|Any CPU.ActiveCfg = Release|Any CPU
		{28E0A2F3-727F-43A0-8DAC-EFF07BBA8627}.Release|Any CPU.Build.0 = Release|Any CPU
		{85EBD72D-9CCF-49D5-B1CA-A1A55BB7C9D1}.Debug|Any CPU.ActiveCfg = Debug|Any CPU
		{85EBD72D-9CCF-49D5-B1CA-A1A55BB7C9D1}.Debug|Any CPU.Build.0 = Debug|Any CPU
		{85EBD72D-9CCF-49D5-B1CA-A1A55BB7C9D1}.Release|Any CPU.ActiveCfg = Release|Any CPU
		{85EBD72D-9CCF-49D5-B1CA-A1A55BB7C9D1}.Release|Any CPU.Build.0 = Release|Any CPU
		{B445EF6E-8AB9-4FC0-81BC-232F9AC47D04}.Debug|Any CPU.ActiveCfg = Debug|Any CPU
		{B445EF6E-8AB9-4FC0-81BC-232F9AC47D04}.Debug|Any CPU.Build.0 = Debug|Any CPU
		{B445EF6E-8AB9-4FC0-81BC-232F9AC47D04}.Release|Any CPU.ActiveCfg = Release|Any CPU
		{B445EF6E-8AB9-4FC0-81BC-232F9AC47D04}.Release|Any CPU.Build.0 = Release|Any CPU
		{63363714-94D1-4F49-AA03-9926FDEDCB1B}.Debug|Any CPU.ActiveCfg = Debug|Any CPU
		{63363714-94D1-4F49-AA03-9926FDEDCB1B}.Debug|Any CPU.Build.0 = Debug|Any CPU
		{63363714-94D1-4F49-AA03-9926FDEDCB1B}.Release|Any CPU.ActiveCfg = Release|Any CPU
		{63363714-94D1-4F49-AA03-9926FDEDCB1B}.Release|Any CPU.Build.0 = Release|Any CPU
		{A0B0C372-0414-4D1E-B4AC-A9838F2CB310}.Debug|Any CPU.ActiveCfg = Debug|Any CPU
		{A0B0C372-0414-4D1E-B4AC-A9838F2CB310}.Debug|Any CPU.Build.0 = Debug|Any CPU
		{A0B0C372-0414-4D1E-B4AC-A9838F2CB310}.Release|Any CPU.ActiveCfg = Release|Any CPU
		{A0B0C372-0414-4D1E-B4AC-A9838F2CB310}.Release|Any CPU.Build.0 = Release|Any CPU
		{6053B698-CF92-47DF-B84B-D503C694E5E6}.Debug|Any CPU.ActiveCfg = Debug|Any CPU
		{6053B698-CF92-47DF-B84B-D503C694E5E6}.Debug|Any CPU.Build.0 = Debug|Any CPU
		{6053B698-CF92-47DF-B84B-D503C694E5E6}.Release|Any CPU.ActiveCfg = Release|Any CPU
		{6053B698-CF92-47DF-B84B-D503C694E5E6}.Release|Any CPU.Build.0 = Release|Any CPU
		{DCBA86B4-403E-4CAA-ADC4-A18C44FB2061}.Debug|Any CPU.ActiveCfg = Debug|Any CPU
		{DCBA86B4-403E-4CAA-ADC4-A18C44FB2061}.Debug|Any CPU.Build.0 = Debug|Any CPU
		{DCBA86B4-403E-4CAA-ADC4-A18C44FB2061}.Release|Any CPU.ActiveCfg = Release|Any CPU
		{DCBA86B4-403E-4CAA-ADC4-A18C44FB2061}.Release|Any CPU.Build.0 = Release|Any CPU
		{3CF8AEE1-48D8-4AA9-879D-2AEAD006635D}.Debug|Any CPU.ActiveCfg = Debug|Any CPU
		{3CF8AEE1-48D8-4AA9-879D-2AEAD006635D}.Debug|Any CPU.Build.0 = Debug|Any CPU
		{3CF8AEE1-48D8-4AA9-879D-2AEAD006635D}.Release|Any CPU.ActiveCfg = Release|Any CPU
		{3CF8AEE1-48D8-4AA9-879D-2AEAD006635D}.Release|Any CPU.Build.0 = Release|Any CPU
		{D118220C-52B1-474E-8516-8E762E77EB71}.Debug|Any CPU.ActiveCfg = Debug|Any CPU
		{D118220C-52B1-474E-8516-8E762E77EB71}.Debug|Any CPU.Build.0 = Debug|Any CPU
		{D118220C-52B1-474E-8516-8E762E77EB71}.Release|Any CPU.ActiveCfg = Release|Any CPU
		{D118220C-52B1-474E-8516-8E762E77EB71}.Release|Any CPU.Build.0 = Release|Any CPU
		{91599283-3F46-4AE3-94AA-BD7BC404404A}.Debug|Any CPU.ActiveCfg = Debug|Any CPU
		{91599283-3F46-4AE3-94AA-BD7BC404404A}.Debug|Any CPU.Build.0 = Debug|Any CPU
		{91599283-3F46-4AE3-94AA-BD7BC404404A}.Release|Any CPU.ActiveCfg = Release|Any CPU
		{91599283-3F46-4AE3-94AA-BD7BC404404A}.Release|Any CPU.Build.0 = Release|Any CPU
		{6C6BFB31-BA6F-4D60-A37A-A9B004921CFA}.Debug|Any CPU.ActiveCfg = Debug|Any CPU
		{6C6BFB31-BA6F-4D60-A37A-A9B004921CFA}.Debug|Any CPU.Build.0 = Debug|Any CPU
		{6C6BFB31-BA6F-4D60-A37A-A9B004921CFA}.Release|Any CPU.ActiveCfg = Release|Any CPU
		{6C6BFB31-BA6F-4D60-A37A-A9B004921CFA}.Release|Any CPU.Build.0 = Release|Any CPU
		{6FAD92EE-0D18-4F83-983F-E58D5D7F3533}.Debug|Any CPU.ActiveCfg = Debug|Any CPU
		{6FAD92EE-0D18-4F83-983F-E58D5D7F3533}.Debug|Any CPU.Build.0 = Debug|Any CPU
		{6FAD92EE-0D18-4F83-983F-E58D5D7F3533}.Release|Any CPU.ActiveCfg = Release|Any CPU
		{6FAD92EE-0D18-4F83-983F-E58D5D7F3533}.Release|Any CPU.Build.0 = Release|Any CPU
		{8A10A81D-8907-44D0-A95D-95616C8EF745}.Debug|Any CPU.ActiveCfg = Debug|Any CPU
		{8A10A81D-8907-44D0-A95D-95616C8EF745}.Debug|Any CPU.Build.0 = Debug|Any CPU
		{8A10A81D-8907-44D0-A95D-95616C8EF745}.Release|Any CPU.ActiveCfg = Release|Any CPU
		{8A10A81D-8907-44D0-A95D-95616C8EF745}.Release|Any CPU.Build.0 = Release|Any CPU
		{E3440FE5-8B78-42DB-9F43-68C29AB07BD7}.Debug|Any CPU.ActiveCfg = Debug|Any CPU
		{E3440FE5-8B78-42DB-9F43-68C29AB07BD7}.Debug|Any CPU.Build.0 = Debug|Any CPU
		{E3440FE5-8B78-42DB-9F43-68C29AB07BD7}.Release|Any CPU.ActiveCfg = Release|Any CPU
		{E3440FE5-8B78-42DB-9F43-68C29AB07BD7}.Release|Any CPU.Build.0 = Release|Any CPU
		{E0DE50EC-0829-41D8-AAE4-69A1D4740440}.Debug|Any CPU.ActiveCfg = Debug|Any CPU
		{E0DE50EC-0829-41D8-AAE4-69A1D4740440}.Debug|Any CPU.Build.0 = Debug|Any CPU
		{E0DE50EC-0829-41D8-AAE4-69A1D4740440}.Release|Any CPU.ActiveCfg = Release|Any CPU
		{E0DE50EC-0829-41D8-AAE4-69A1D4740440}.Release|Any CPU.Build.0 = Release|Any CPU
		{7FB68FFF-A5E0-4541-B666-E3AF4C66BF6A}.Debug|Any CPU.ActiveCfg = Debug|Any CPU
		{7FB68FFF-A5E0-4541-B666-E3AF4C66BF6A}.Debug|Any CPU.Build.0 = Debug|Any CPU
		{7FB68FFF-A5E0-4541-B666-E3AF4C66BF6A}.Release|Any CPU.ActiveCfg = Release|Any CPU
		{7FB68FFF-A5E0-4541-B666-E3AF4C66BF6A}.Release|Any CPU.Build.0 = Release|Any CPU
		{735A72E8-4453-45D6-90AC-687EACFF97D1}.Debug|Any CPU.ActiveCfg = Debug|Any CPU
		{735A72E8-4453-45D6-90AC-687EACFF97D1}.Debug|Any CPU.Build.0 = Debug|Any CPU
		{735A72E8-4453-45D6-90AC-687EACFF97D1}.Release|Any CPU.ActiveCfg = Release|Any CPU
		{735A72E8-4453-45D6-90AC-687EACFF97D1}.Release|Any CPU.Build.0 = Release|Any CPU
		{38F172ED-91A1-42E0-8A2B-253F38FFFF2C}.Debug|Any CPU.ActiveCfg = Debug|Any CPU
		{38F172ED-91A1-42E0-8A2B-253F38FFFF2C}.Debug|Any CPU.Build.0 = Debug|Any CPU
		{38F172ED-91A1-42E0-8A2B-253F38FFFF2C}.Release|Any CPU.ActiveCfg = Release|Any CPU
		{38F172ED-91A1-42E0-8A2B-253F38FFFF2C}.Release|Any CPU.Build.0 = Release|Any CPU
		{C25A5BD3-A4F8-4370-B4DC-2D590514434C}.Debug|Any CPU.ActiveCfg = Debug|Any CPU
		{C25A5BD3-A4F8-4370-B4DC-2D590514434C}.Debug|Any CPU.Build.0 = Debug|Any CPU
		{C25A5BD3-A4F8-4370-B4DC-2D590514434C}.Release|Any CPU.ActiveCfg = Release|Any CPU
		{C25A5BD3-A4F8-4370-B4DC-2D590514434C}.Release|Any CPU.Build.0 = Release|Any CPU
		{FCB1AF66-5C0B-47AA-B5FE-D437BD3CA788}.Debug|Any CPU.ActiveCfg = Debug|Any CPU
		{FCB1AF66-5C0B-47AA-B5FE-D437BD3CA788}.Debug|Any CPU.Build.0 = Debug|Any CPU
		{FCB1AF66-5C0B-47AA-B5FE-D437BD3CA788}.Release|Any CPU.ActiveCfg = Release|Any CPU
		{FCB1AF66-5C0B-47AA-B5FE-D437BD3CA788}.Release|Any CPU.Build.0 = Release|Any CPU
		{ABCE2944-2563-43C1-9AEE-5B8BED55496E}.Debug|Any CPU.ActiveCfg = Debug|Any CPU
		{ABCE2944-2563-43C1-9AEE-5B8BED55496E}.Debug|Any CPU.Build.0 = Debug|Any CPU
		{ABCE2944-2563-43C1-9AEE-5B8BED55496E}.Release|Any CPU.ActiveCfg = Release|Any CPU
		{ABCE2944-2563-43C1-9AEE-5B8BED55496E}.Release|Any CPU.Build.0 = Release|Any CPU
		{FCC5AD24-24CA-4826-BB41-7D7A8BCA3BA6}.Debug|Any CPU.ActiveCfg = Debug|Any CPU
		{FCC5AD24-24CA-4826-BB41-7D7A8BCA3BA6}.Debug|Any CPU.Build.0 = Debug|Any CPU
		{FCC5AD24-24CA-4826-BB41-7D7A8BCA3BA6}.Release|Any CPU.ActiveCfg = Release|Any CPU
		{FCC5AD24-24CA-4826-BB41-7D7A8BCA3BA6}.Release|Any CPU.Build.0 = Release|Any CPU
		{FE552BA3-E719-408F-969D-0E89EC42A21C}.Debug|Any CPU.ActiveCfg = Debug|Any CPU
		{FE552BA3-E719-408F-969D-0E89EC42A21C}.Debug|Any CPU.Build.0 = Debug|Any CPU
		{FE552BA3-E719-408F-969D-0E89EC42A21C}.Release|Any CPU.ActiveCfg = Release|Any CPU
		{FE552BA3-E719-408F-969D-0E89EC42A21C}.Release|Any CPU.Build.0 = Release|Any CPU
		{C98F6B6B-E3B3-4BEF-81B3-A2D522ECDEBF}.Debug|Any CPU.ActiveCfg = Debug|Any CPU
		{C98F6B6B-E3B3-4BEF-81B3-A2D522ECDEBF}.Debug|Any CPU.Build.0 = Debug|Any CPU
		{C98F6B6B-E3B3-4BEF-81B3-A2D522ECDEBF}.Release|Any CPU.ActiveCfg = Release|Any CPU
		{C98F6B6B-E3B3-4BEF-81B3-A2D522ECDEBF}.Release|Any CPU.Build.0 = Release|Any CPU
		{92CAC341-937E-41F4-A50D-EA103B349200}.Debug|Any CPU.ActiveCfg = Debug|Any CPU
		{92CAC341-937E-41F4-A50D-EA103B349200}.Debug|Any CPU.Build.0 = Debug|Any CPU
		{92CAC341-937E-41F4-A50D-EA103B349200}.Release|Any CPU.ActiveCfg = Release|Any CPU
		{92CAC341-937E-41F4-A50D-EA103B349200}.Release|Any CPU.Build.0 = Release|Any CPU
		{AD8F7069-7DF7-461C-B6F2-0A98B8568CF5}.Debug|Any CPU.ActiveCfg = Debug|Any CPU
		{AD8F7069-7DF7-461C-B6F2-0A98B8568CF5}.Debug|Any CPU.Build.0 = Debug|Any CPU
		{AD8F7069-7DF7-461C-B6F2-0A98B8568CF5}.Release|Any CPU.ActiveCfg = Release|Any CPU
		{AD8F7069-7DF7-461C-B6F2-0A98B8568CF5}.Release|Any CPU.Build.0 = Release|Any CPU
		{37156638-FF33-450D-A32F-D426B77BD9F8}.Debug|Any CPU.ActiveCfg = Debug|Any CPU
		{37156638-FF33-450D-A32F-D426B77BD9F8}.Debug|Any CPU.Build.0 = Debug|Any CPU
		{37156638-FF33-450D-A32F-D426B77BD9F8}.Release|Any CPU.ActiveCfg = Release|Any CPU
		{37156638-FF33-450D-A32F-D426B77BD9F8}.Release|Any CPU.Build.0 = Release|Any CPU
		{71F2C3D5-0A61-4AF0-A5F8-0DF4C5E44D0C}.Debug|Any CPU.ActiveCfg = Debug|Any CPU
		{71F2C3D5-0A61-4AF0-A5F8-0DF4C5E44D0C}.Debug|Any CPU.Build.0 = Debug|Any CPU
		{71F2C3D5-0A61-4AF0-A5F8-0DF4C5E44D0C}.Release|Any CPU.ActiveCfg = Release|Any CPU
		{71F2C3D5-0A61-4AF0-A5F8-0DF4C5E44D0C}.Release|Any CPU.Build.0 = Release|Any CPU
		{3A3F226D-B1A9-48D2-B59B-190E09CB0AD0}.Debug|Any CPU.ActiveCfg = Debug|Any CPU
		{3A3F226D-B1A9-48D2-B59B-190E09CB0AD0}.Debug|Any CPU.Build.0 = Debug|Any CPU
		{3A3F226D-B1A9-48D2-B59B-190E09CB0AD0}.Release|Any CPU.ActiveCfg = Release|Any CPU
		{3A3F226D-B1A9-48D2-B59B-190E09CB0AD0}.Release|Any CPU.Build.0 = Release|Any CPU
		{71E90DA4-3661-4D07-9B72-D74BEA970FC6}.Debug|Any CPU.ActiveCfg = Debug|Any CPU
		{71E90DA4-3661-4D07-9B72-D74BEA970FC6}.Debug|Any CPU.Build.0 = Debug|Any CPU
		{71E90DA4-3661-4D07-9B72-D74BEA970FC6}.Release|Any CPU.ActiveCfg = Release|Any CPU
		{71E90DA4-3661-4D07-9B72-D74BEA970FC6}.Release|Any CPU.Build.0 = Release|Any CPU
		{A1C2D11D-2CBD-466A-8BC1-2BA73A49C833}.Debug|Any CPU.ActiveCfg = Debug|Any CPU
		{A1C2D11D-2CBD-466A-8BC1-2BA73A49C833}.Debug|Any CPU.Build.0 = Debug|Any CPU
		{A1C2D11D-2CBD-466A-8BC1-2BA73A49C833}.Release|Any CPU.ActiveCfg = Release|Any CPU
		{A1C2D11D-2CBD-466A-8BC1-2BA73A49C833}.Release|Any CPU.Build.0 = Release|Any CPU
		{34C2DCA3-7CCE-4DB7-85AF-B8F175CE04F8}.Debug|Any CPU.ActiveCfg = Debug|Any CPU
		{34C2DCA3-7CCE-4DB7-85AF-B8F175CE04F8}.Debug|Any CPU.Build.0 = Debug|Any CPU
		{34C2DCA3-7CCE-4DB7-85AF-B8F175CE04F8}.Release|Any CPU.ActiveCfg = Release|Any CPU
		{34C2DCA3-7CCE-4DB7-85AF-B8F175CE04F8}.Release|Any CPU.Build.0 = Release|Any CPU
		{F4C851A4-1339-4953-AF08-763F6D0AAB53}.Debug|Any CPU.ActiveCfg = Debug|Any CPU
		{F4C851A4-1339-4953-AF08-763F6D0AAB53}.Debug|Any CPU.Build.0 = Debug|Any CPU
		{F4C851A4-1339-4953-AF08-763F6D0AAB53}.Release|Any CPU.ActiveCfg = Release|Any CPU
		{F4C851A4-1339-4953-AF08-763F6D0AAB53}.Release|Any CPU.Build.0 = Release|Any CPU
		{7C902576-3CC0-4350-8B36-02420002D4AC}.Debug|Any CPU.ActiveCfg = Debug|Any CPU
		{7C902576-3CC0-4350-8B36-02420002D4AC}.Debug|Any CPU.Build.0 = Debug|Any CPU
		{7C902576-3CC0-4350-8B36-02420002D4AC}.Release|Any CPU.ActiveCfg = Release|Any CPU
		{7C902576-3CC0-4350-8B36-02420002D4AC}.Release|Any CPU.Build.0 = Release|Any CPU
		{FDEE9424-8A7B-4851-94FF-867EB81D3641}.Debug|Any CPU.ActiveCfg = Debug|Any CPU
		{FDEE9424-8A7B-4851-94FF-867EB81D3641}.Debug|Any CPU.Build.0 = Debug|Any CPU
		{FDEE9424-8A7B-4851-94FF-867EB81D3641}.Release|Any CPU.ActiveCfg = Release|Any CPU
		{FDEE9424-8A7B-4851-94FF-867EB81D3641}.Release|Any CPU.Build.0 = Release|Any CPU
		{F77605A9-360F-4E15-8C91-A2F6C5C375D9}.Debug|Any CPU.ActiveCfg = Debug|Any CPU
		{F77605A9-360F-4E15-8C91-A2F6C5C375D9}.Debug|Any CPU.Build.0 = Debug|Any CPU
		{F77605A9-360F-4E15-8C91-A2F6C5C375D9}.Release|Any CPU.ActiveCfg = Release|Any CPU
		{F77605A9-360F-4E15-8C91-A2F6C5C375D9}.Release|Any CPU.Build.0 = Release|Any CPU
		{82D491D9-AB38-4CD1-94E2-9977988024E4}.Debug|Any CPU.ActiveCfg = Debug|Any CPU
		{82D491D9-AB38-4CD1-94E2-9977988024E4}.Debug|Any CPU.Build.0 = Debug|Any CPU
		{82D491D9-AB38-4CD1-94E2-9977988024E4}.Release|Any CPU.ActiveCfg = Release|Any CPU
		{82D491D9-AB38-4CD1-94E2-9977988024E4}.Release|Any CPU.Build.0 = Release|Any CPU
		{78DC5154-39A6-49C0-AA6C-5F04B19B64AE}.Debug|Any CPU.ActiveCfg = Debug|Any CPU
		{78DC5154-39A6-49C0-AA6C-5F04B19B64AE}.Debug|Any CPU.Build.0 = Debug|Any CPU
		{78DC5154-39A6-49C0-AA6C-5F04B19B64AE}.Release|Any CPU.ActiveCfg = Release|Any CPU
		{78DC5154-39A6-49C0-AA6C-5F04B19B64AE}.Release|Any CPU.Build.0 = Release|Any CPU
		{8716AEE2-0093-4F20-AC5D-FC160E6FDA1B}.Debug|Any CPU.ActiveCfg = Debug|Any CPU
		{8716AEE2-0093-4F20-AC5D-FC160E6FDA1B}.Debug|Any CPU.Build.0 = Debug|Any CPU
		{8716AEE2-0093-4F20-AC5D-FC160E6FDA1B}.Release|Any CPU.ActiveCfg = Release|Any CPU
		{8716AEE2-0093-4F20-AC5D-FC160E6FDA1B}.Release|Any CPU.Build.0 = Release|Any CPU
		{71034DAE-03F0-43AB-9872-842C40C4A367}.Debug|Any CPU.ActiveCfg = Debug|Any CPU
		{71034DAE-03F0-43AB-9872-842C40C4A367}.Debug|Any CPU.Build.0 = Debug|Any CPU
		{71034DAE-03F0-43AB-9872-842C40C4A367}.Release|Any CPU.ActiveCfg = Release|Any CPU
		{71034DAE-03F0-43AB-9872-842C40C4A367}.Release|Any CPU.Build.0 = Release|Any CPU
		{09D9A431-8682-4490-A4D1-56063087B709}.Debug|Any CPU.ActiveCfg = Debug|Any CPU
		{09D9A431-8682-4490-A4D1-56063087B709}.Debug|Any CPU.Build.0 = Debug|Any CPU
		{09D9A431-8682-4490-A4D1-56063087B709}.Release|Any CPU.ActiveCfg = Release|Any CPU
		{09D9A431-8682-4490-A4D1-56063087B709}.Release|Any CPU.Build.0 = Release|Any CPU
		{841EE7B1-BDDD-4E2B-87B0-DA861B10B5EB}.Debug|Any CPU.ActiveCfg = Debug|Any CPU
		{841EE7B1-BDDD-4E2B-87B0-DA861B10B5EB}.Debug|Any CPU.Build.0 = Debug|Any CPU
		{841EE7B1-BDDD-4E2B-87B0-DA861B10B5EB}.Release|Any CPU.ActiveCfg = Release|Any CPU
		{841EE7B1-BDDD-4E2B-87B0-DA861B10B5EB}.Release|Any CPU.Build.0 = Release|Any CPU
		{8CA74AAF-F1A3-4AD7-BEF5-BC299531AFE8}.Debug|Any CPU.ActiveCfg = Debug|Any CPU
		{8CA74AAF-F1A3-4AD7-BEF5-BC299531AFE8}.Debug|Any CPU.Build.0 = Debug|Any CPU
		{8CA74AAF-F1A3-4AD7-BEF5-BC299531AFE8}.Release|Any CPU.ActiveCfg = Release|Any CPU
		{8CA74AAF-F1A3-4AD7-BEF5-BC299531AFE8}.Release|Any CPU.Build.0 = Release|Any CPU
		{EBDBAA4C-3EE1-49A5-A3D2-BFE7A9822094}.Debug|Any CPU.ActiveCfg = Debug|Any CPU
		{EBDBAA4C-3EE1-49A5-A3D2-BFE7A9822094}.Debug|Any CPU.Build.0 = Debug|Any CPU
		{EBDBAA4C-3EE1-49A5-A3D2-BFE7A9822094}.Release|Any CPU.ActiveCfg = Release|Any CPU
		{EBDBAA4C-3EE1-49A5-A3D2-BFE7A9822094}.Release|Any CPU.Build.0 = Release|Any CPU
		{B483C056-5FA0-4BD8-850D-F9B785FE6D4A}.Debug|Any CPU.ActiveCfg = Debug|Any CPU
		{B483C056-5FA0-4BD8-850D-F9B785FE6D4A}.Debug|Any CPU.Build.0 = Debug|Any CPU
		{B483C056-5FA0-4BD8-850D-F9B785FE6D4A}.Release|Any CPU.ActiveCfg = Release|Any CPU
		{B483C056-5FA0-4BD8-850D-F9B785FE6D4A}.Release|Any CPU.Build.0 = Release|Any CPU
	EndGlobalSection
	GlobalSection(SolutionProperties) = preSolution
		HideSolutionNode = FALSE
	EndGlobalSection
	GlobalSection(ExtensibilityGlobals) = postSolution
		SolutionGuid = {CC85DD19-A935-4227-900C-E33BA2D6423F}
	EndGlobalSection
EndGlobal
